
Microsoft Visual Studio Solution File, Format Version 12.00
# Visual Studio Version 17
VisualStudioVersion = 17.3.32825.248
MinimumVisualStudioVersion = 10.0.40219.1
Project("{9A19103F-16F7-4668-BE54-9A1E7A4F7556}") = "Biblioteca", "Biblioteca\Biblioteca.csproj", "{6491641F-CC04-4DF1-87A9-99DBC8513BF6}"
EndProject
Project("{9A19103F-16F7-4668-BE54-9A1E7A4F7556}") = "Program", "Program\Program.csproj", "{BC7EB9F0-D2A5-4630-8273-53F7E5C15EEA}"
EndProject
Project("{2150E333-8FDC-42A3-9474-1A3956D46DE8}") = "Maquina expendedora", "Maquina expendedora", "{47253907-02CC-4DA7-BC3F-30369E80260F}"
EndProject
Project("{2150E333-8FDC-42A3-9474-1A3956D46DE8}") = "Windows Form", "Windows Form", "{EAD73F57-64E1-4F05-98E3-9AB43FDF36E8}"
EndProject
Project("{2150E333-8FDC-42A3-9474-1A3956D46DE8}") = "Ejercicio I01 - ¡Hola, Windows Forms!", "Ejercicio I01 - ¡Hola, Windows Forms!", "{B792FA67-B434-4D88-959D-2556DB93644F}"
EndProject
Project("{9A19103F-16F7-4668-BE54-9A1E7A4F7556}") = "FormPresentacion", "FormPresentacion\FormPresentacion.csproj", "{96BA9C44-6E15-4651-A4BB-D4425D4D05D1}"
EndProject
Project("{9A19103F-16F7-4668-BE54-9A1E7A4F7556}") = "FormImprimir", "FormImprimir\FormImprimir.csproj", "{4D7CCA77-E678-4840-9B87-F6D0CE82EE59}"
EndProject
Project("{2150E333-8FDC-42A3-9474-1A3956D46DE8}") = "Ejercicio I02 - Registrate", "Ejercicio I02 - Registrate", "{87342C6B-FD44-42C3-A414-2CC2BEC9A402}"
EndProject
Project("{9A19103F-16F7-4668-BE54-9A1E7A4F7556}") = "Biblioteca", "Ingresante\Biblioteca.csproj", "{A6891F4B-54F6-48A0-B544-9B0D96255FC5}"
EndProject
Project("{9A19103F-16F7-4668-BE54-9A1E7A4F7556}") = "FormularioPrincipal", "FormularioPrincipal\FormularioPrincipal.csproj", "{8892A487-308A-4563-94F9-FEA7CDEFDB73}"
EndProject
Project("{2150E333-8FDC-42A3-9474-1A3956D46DE8}") = "Herencia", "Herencia", "{5E0E24D4-D682-4074-A7D1-BA0F08416860}"
EndProject
Project("{9A19103F-16F7-4668-BE54-9A1E7A4F7556}") = "Library", "Library\Library.csproj", "{08E81829-0E0C-43FC-A7A8-FF5818AAA30D}"
EndProject
Project("{9A19103F-16F7-4668-BE54-9A1E7A4F7556}") = "Ejercicio I01 - Program", "Ejercicio I01 - Program\Ejercicio I01 - Program.csproj", "{D3CB74E7-26D1-408A-A349-604C71F713B1}"
EndProject
Project("{2150E333-8FDC-42A3-9474-1A3956D46DE8}") = "Ejercicio I01 - El viajar es un placer", "Ejercicio I01 - El viajar es un placer", "{07E5CE5D-7E84-4110-B7CC-CF18D5E1439A}"
EndProject
Project("{2150E333-8FDC-42A3-9474-1A3956D46DE8}") = "Ejercicio C01 - Herencia deportiva", "Ejercicio C01 - Herencia deportiva", "{8724084E-2F49-4BA8-A15A-89D3CA4939FB}"
EndProject
Project("{9A19103F-16F7-4668-BE54-9A1E7A4F7556}") = "Ejercicio C01 - Herencia deportiva - Biblioteca", "Biblio\Ejercicio C01 - Herencia deportiva - Biblioteca.csproj", "{AC452CD5-F096-4EE6-8144-084EA50D8F95}"
EndProject
Project("{2150E333-8FDC-42A3-9474-1A3956D46DE8}") = "Colecciones", "Colecciones", "{AECAD706-46E4-4840-83CD-10293B9B51AB}"
EndProject
Project("{9A19103F-16F7-4668-BE54-9A1E7A4F7556}") = "Ejercicios C01 - Biblioteca", "Ejercicios C01 - Biblioteca\Ejercicios C01 - Biblioteca.csproj", "{28A80285-3B1D-4319-A0D4-CF1A800653A5}"
EndProject
Project("{2150E333-8FDC-42A3-9474-1A3956D46DE8}") = "Ejercicio C01 - Estadística deportiva", "Ejercicio C01 - Estadística deportiva", "{B3B5FF04-AAFF-4435-8688-9D1FE0DD7897}"
EndProject
Project("{9A19103F-16F7-4668-BE54-9A1E7A4F7556}") = "Ejercicio C01 - Program", "Ejercicio C01 - Program\Ejercicio C01 - Program.csproj", "{896D9F7F-C5A0-4426-A0A8-48A730C5C652}"
EndProject
Project("{2150E333-8FDC-42A3-9474-1A3956D46DE8}") = "Encapsulamiento", "Encapsulamiento", "{D1FF320E-638F-4F2F-8D73-250A7E7434A9}"
EndProject
Project("{9A19103F-16F7-4668-BE54-9A1E7A4F7556}") = "Ejercicio C01 - Jugadores encapsulados - Program", "Ejercicio C01 - Jugadores encapsulados - Program\Ejercicio C01 - Jugadores encapsulados - Program.csproj", "{F1754C19-AC0F-4D1D-9507-5F1AA8AAB4FB}"
EndProject
Project("{2150E333-8FDC-42A3-9474-1A3956D46DE8}") = "Ejercicio C01 - Jugadores encapsulados", "Ejercicio C01 - Jugadores encapsulados", "{2D806275-1D34-4DF1-A035-749732103D39}"
EndProject
Project("{2150E333-8FDC-42A3-9474-1A3956D46DE8}") = "Ejercicio C01 - Jugadores encapsulados", "Ejercicio C01 - Jugadores encapsulados", "{CECB3CA4-F3D8-4925-A373-2AEB4AEBAA7F}"
EndProject
Project("{9A19103F-16F7-4668-BE54-9A1E7A4F7556}") = "Ejercicio C01 - Jugadores encapsulados - Biblioteca", "Ejercicio C01 - Jugadores encapsulados - Biblioteca\Ejercicio C01 - Jugadores encapsulados - Biblioteca.csproj", "{73C85815-9574-4E48-BD2E-EEF8A2CAC79B}"
EndProject
Project("{9A19103F-16F7-4668-BE54-9A1E7A4F7556}") = "Ejercicio C01 - Herencia deportiva - Program", "Ejercicio C01 - Herencia deportiva - Program\Ejercicio C01 - Herencia deportiva - Program.csproj", "{1BA009BF-A08F-481A-ACB1-2A019A80B1AD}"
EndProject
Project("{2150E333-8FDC-42A3-9474-1A3956D46DE8}") = "Ejercicio C02 - Enciendan sus motores", "Ejercicio C02 - Enciendan sus motores", "{EF90456D-3D8D-4BC2-B581-B7B5B5E84136}"
EndProject
Project("{9A19103F-16F7-4668-BE54-9A1E7A4F7556}") = "Biblioteca (Ejercicio C02 - Enciendan sus motores)", "Biblioteca (Ejercicio C02 - Enciendan sus motores)\Biblioteca (Ejercicio C02 - Enciendan sus motores).csproj", "{4F824230-DF80-4B40-9A79-ED579FBF6324}"
EndProject
Project("{9A19103F-16F7-4668-BE54-9A1E7A4F7556}") = "Program (Ejercicio C02 - Enciendan sus motores)", "Program (Ejercicio C02 - Enciendan sus motores)\Program (Ejercicio C02 - Enciendan sus motores).csproj", "{9C148EA6-979C-43FD-A825-C1960D8853B7}"
EndProject
Project("{2150E333-8FDC-42A3-9474-1A3956D46DE8}") = "Ejercicio C03 - La centralita Episodio I", "Ejercicio C03 - La centralita Episodio I", "{BCF517C3-C2F7-4277-A842-5517815E427D}"
EndProject
Project("{9A19103F-16F7-4668-BE54-9A1E7A4F7556}") = "CentralTelefonica", "CentralTelefonica\CentralTelefonica.csproj", "{C8263ADC-CBBC-4417-B89B-DB47192AAD92}"
EndProject
Project("{9A19103F-16F7-4668-BE54-9A1E7A4F7556}") = "Central", "Centralita\Central.csproj", "{3D015649-9EAF-4AB3-A599-333B641A632D}"
EndProject
Global
	GlobalSection(SolutionConfigurationPlatforms) = preSolution
		Debug|Any CPU = Debug|Any CPU
		Release|Any CPU = Release|Any CPU
	EndGlobalSection
	GlobalSection(ProjectConfigurationPlatforms) = postSolution
		{6491641F-CC04-4DF1-87A9-99DBC8513BF6}.Debug|Any CPU.ActiveCfg = Debug|Any CPU
		{6491641F-CC04-4DF1-87A9-99DBC8513BF6}.Debug|Any CPU.Build.0 = Debug|Any CPU
		{6491641F-CC04-4DF1-87A9-99DBC8513BF6}.Release|Any CPU.ActiveCfg = Release|Any CPU
		{6491641F-CC04-4DF1-87A9-99DBC8513BF6}.Release|Any CPU.Build.0 = Release|Any CPU
		{BC7EB9F0-D2A5-4630-8273-53F7E5C15EEA}.Debug|Any CPU.ActiveCfg = Debug|Any CPU
		{BC7EB9F0-D2A5-4630-8273-53F7E5C15EEA}.Debug|Any CPU.Build.0 = Debug|Any CPU
		{BC7EB9F0-D2A5-4630-8273-53F7E5C15EEA}.Release|Any CPU.ActiveCfg = Release|Any CPU
		{BC7EB9F0-D2A5-4630-8273-53F7E5C15EEA}.Release|Any CPU.Build.0 = Release|Any CPU
		{96BA9C44-6E15-4651-A4BB-D4425D4D05D1}.Debug|Any CPU.ActiveCfg = Debug|Any CPU
		{96BA9C44-6E15-4651-A4BB-D4425D4D05D1}.Debug|Any CPU.Build.0 = Debug|Any CPU
		{96BA9C44-6E15-4651-A4BB-D4425D4D05D1}.Release|Any CPU.ActiveCfg = Release|Any CPU
		{96BA9C44-6E15-4651-A4BB-D4425D4D05D1}.Release|Any CPU.Build.0 = Release|Any CPU
		{4D7CCA77-E678-4840-9B87-F6D0CE82EE59}.Debug|Any CPU.ActiveCfg = Debug|Any CPU
		{4D7CCA77-E678-4840-9B87-F6D0CE82EE59}.Debug|Any CPU.Build.0 = Debug|Any CPU
		{4D7CCA77-E678-4840-9B87-F6D0CE82EE59}.Release|Any CPU.ActiveCfg = Release|Any CPU
		{4D7CCA77-E678-4840-9B87-F6D0CE82EE59}.Release|Any CPU.Build.0 = Release|Any CPU
		{A6891F4B-54F6-48A0-B544-9B0D96255FC5}.Debug|Any CPU.ActiveCfg = Debug|Any CPU
		{A6891F4B-54F6-48A0-B544-9B0D96255FC5}.Debug|Any CPU.Build.0 = Debug|Any CPU
		{A6891F4B-54F6-48A0-B544-9B0D96255FC5}.Release|Any CPU.ActiveCfg = Release|Any CPU
		{A6891F4B-54F6-48A0-B544-9B0D96255FC5}.Release|Any CPU.Build.0 = Release|Any CPU
		{8892A487-308A-4563-94F9-FEA7CDEFDB73}.Debug|Any CPU.ActiveCfg = Debug|Any CPU
		{8892A487-308A-4563-94F9-FEA7CDEFDB73}.Debug|Any CPU.Build.0 = Debug|Any CPU
		{8892A487-308A-4563-94F9-FEA7CDEFDB73}.Release|Any CPU.ActiveCfg = Release|Any CPU
		{8892A487-308A-4563-94F9-FEA7CDEFDB73}.Release|Any CPU.Build.0 = Release|Any CPU
		{08E81829-0E0C-43FC-A7A8-FF5818AAA30D}.Debug|Any CPU.ActiveCfg = Debug|Any CPU
		{08E81829-0E0C-43FC-A7A8-FF5818AAA30D}.Debug|Any CPU.Build.0 = Debug|Any CPU
		{08E81829-0E0C-43FC-A7A8-FF5818AAA30D}.Release|Any CPU.ActiveCfg = Release|Any CPU
		{08E81829-0E0C-43FC-A7A8-FF5818AAA30D}.Release|Any CPU.Build.0 = Release|Any CPU
		{D3CB74E7-26D1-408A-A349-604C71F713B1}.Debug|Any CPU.ActiveCfg = Debug|Any CPU
		{D3CB74E7-26D1-408A-A349-604C71F713B1}.Debug|Any CPU.Build.0 = Debug|Any CPU
		{D3CB74E7-26D1-408A-A349-604C71F713B1}.Release|Any CPU.ActiveCfg = Release|Any CPU
		{D3CB74E7-26D1-408A-A349-604C71F713B1}.Release|Any CPU.Build.0 = Release|Any CPU
		{AC452CD5-F096-4EE6-8144-084EA50D8F95}.Debug|Any CPU.ActiveCfg = Debug|Any CPU
		{AC452CD5-F096-4EE6-8144-084EA50D8F95}.Debug|Any CPU.Build.0 = Debug|Any CPU
		{AC452CD5-F096-4EE6-8144-084EA50D8F95}.Release|Any CPU.ActiveCfg = Release|Any CPU
		{AC452CD5-F096-4EE6-8144-084EA50D8F95}.Release|Any CPU.Build.0 = Release|Any CPU
		{28A80285-3B1D-4319-A0D4-CF1A800653A5}.Debug|Any CPU.ActiveCfg = Debug|Any CPU
		{28A80285-3B1D-4319-A0D4-CF1A800653A5}.Debug|Any CPU.Build.0 = Debug|Any CPU
		{28A80285-3B1D-4319-A0D4-CF1A800653A5}.Release|Any CPU.ActiveCfg = Release|Any CPU
		{28A80285-3B1D-4319-A0D4-CF1A800653A5}.Release|Any CPU.Build.0 = Release|Any CPU
		{896D9F7F-C5A0-4426-A0A8-48A730C5C652}.Debug|Any CPU.ActiveCfg = Debug|Any CPU
		{896D9F7F-C5A0-4426-A0A8-48A730C5C652}.Debug|Any CPU.Build.0 = Debug|Any CPU
		{896D9F7F-C5A0-4426-A0A8-48A730C5C652}.Release|Any CPU.ActiveCfg = Release|Any CPU
		{896D9F7F-C5A0-4426-A0A8-48A730C5C652}.Release|Any CPU.Build.0 = Release|Any CPU
		{F1754C19-AC0F-4D1D-9507-5F1AA8AAB4FB}.Debug|Any CPU.ActiveCfg = Debug|Any CPU
		{F1754C19-AC0F-4D1D-9507-5F1AA8AAB4FB}.Debug|Any CPU.Build.0 = Debug|Any CPU
		{F1754C19-AC0F-4D1D-9507-5F1AA8AAB4FB}.Release|Any CPU.ActiveCfg = Release|Any CPU
		{F1754C19-AC0F-4D1D-9507-5F1AA8AAB4FB}.Release|Any CPU.Build.0 = Release|Any CPU
		{73C85815-9574-4E48-BD2E-EEF8A2CAC79B}.Debug|Any CPU.ActiveCfg = Debug|Any CPU
		{73C85815-9574-4E48-BD2E-EEF8A2CAC79B}.Debug|Any CPU.Build.0 = Debug|Any CPU
		{73C85815-9574-4E48-BD2E-EEF8A2CAC79B}.Release|Any CPU.ActiveCfg = Release|Any CPU
		{73C85815-9574-4E48-BD2E-EEF8A2CAC79B}.Release|Any CPU.Build.0 = Release|Any CPU
		{1BA009BF-A08F-481A-ACB1-2A019A80B1AD}.Debug|Any CPU.ActiveCfg = Debug|Any CPU
		{1BA009BF-A08F-481A-ACB1-2A019A80B1AD}.Debug|Any CPU.Build.0 = Debug|Any CPU
		{1BA009BF-A08F-481A-ACB1-2A019A80B1AD}.Release|Any CPU.ActiveCfg = Release|Any CPU
		{1BA009BF-A08F-481A-ACB1-2A019A80B1AD}.Release|Any CPU.Build.0 = Release|Any CPU
		{4F824230-DF80-4B40-9A79-ED579FBF6324}.Debug|Any CPU.ActiveCfg = Debug|Any CPU
		{4F824230-DF80-4B40-9A79-ED579FBF6324}.Debug|Any CPU.Build.0 = Debug|Any CPU
		{4F824230-DF80-4B40-9A79-ED579FBF6324}.Release|Any CPU.ActiveCfg = Release|Any CPU
		{4F824230-DF80-4B40-9A79-ED579FBF6324}.Release|Any CPU.Build.0 = Release|Any CPU
		{9C148EA6-979C-43FD-A825-C1960D8853B7}.Debug|Any CPU.ActiveCfg = Debug|Any CPU
		{9C148EA6-979C-43FD-A825-C1960D8853B7}.Debug|Any CPU.Build.0 = Debug|Any CPU
		{9C148EA6-979C-43FD-A825-C1960D8853B7}.Release|Any CPU.ActiveCfg = Release|Any CPU
		{9C148EA6-979C-43FD-A825-C1960D8853B7}.Release|Any CPU.Build.0 = Release|Any CPU
		{C8263ADC-CBBC-4417-B89B-DB47192AAD92}.Debug|Any CPU.ActiveCfg = Debug|Any CPU
		{C8263ADC-CBBC-4417-B89B-DB47192AAD92}.Debug|Any CPU.Build.0 = Debug|Any CPU
		{C8263ADC-CBBC-4417-B89B-DB47192AAD92}.Release|Any CPU.ActiveCfg = Release|Any CPU
		{C8263ADC-CBBC-4417-B89B-DB47192AAD92}.Release|Any CPU.Build.0 = Release|Any CPU
		{3D015649-9EAF-4AB3-A599-333B641A632D}.Debug|Any CPU.ActiveCfg = Debug|Any CPU
		{3D015649-9EAF-4AB3-A599-333B641A632D}.Debug|Any CPU.Build.0 = Debug|Any CPU
		{3D015649-9EAF-4AB3-A599-333B641A632D}.Release|Any CPU.ActiveCfg = Release|Any CPU
		{3D015649-9EAF-4AB3-A599-333B641A632D}.Release|Any CPU.Build.0 = Release|Any CPU
	EndGlobalSection
	GlobalSection(SolutionProperties) = preSolution
		HideSolutionNode = FALSE
	EndGlobalSection
	GlobalSection(NestedProjects) = preSolution
		{6491641F-CC04-4DF1-87A9-99DBC8513BF6} = {47253907-02CC-4DA7-BC3F-30369E80260F}
		{BC7EB9F0-D2A5-4630-8273-53F7E5C15EEA} = {47253907-02CC-4DA7-BC3F-30369E80260F}
		{B792FA67-B434-4D88-959D-2556DB93644F} = {EAD73F57-64E1-4F05-98E3-9AB43FDF36E8}
		{96BA9C44-6E15-4651-A4BB-D4425D4D05D1} = {B792FA67-B434-4D88-959D-2556DB93644F}
		{4D7CCA77-E678-4840-9B87-F6D0CE82EE59} = {B792FA67-B434-4D88-959D-2556DB93644F}
		{87342C6B-FD44-42C3-A414-2CC2BEC9A402} = {EAD73F57-64E1-4F05-98E3-9AB43FDF36E8}
		{A6891F4B-54F6-48A0-B544-9B0D96255FC5} = {87342C6B-FD44-42C3-A414-2CC2BEC9A402}
		{8892A487-308A-4563-94F9-FEA7CDEFDB73} = {87342C6B-FD44-42C3-A414-2CC2BEC9A402}
		{08E81829-0E0C-43FC-A7A8-FF5818AAA30D} = {07E5CE5D-7E84-4110-B7CC-CF18D5E1439A}
		{D3CB74E7-26D1-408A-A349-604C71F713B1} = {07E5CE5D-7E84-4110-B7CC-CF18D5E1439A}
		{07E5CE5D-7E84-4110-B7CC-CF18D5E1439A} = {5E0E24D4-D682-4074-A7D1-BA0F08416860}
		{8724084E-2F49-4BA8-A15A-89D3CA4939FB} = {5E0E24D4-D682-4074-A7D1-BA0F08416860}
		{AC452CD5-F096-4EE6-8144-084EA50D8F95} = {8724084E-2F49-4BA8-A15A-89D3CA4939FB}
		{28A80285-3B1D-4319-A0D4-CF1A800653A5} = {B3B5FF04-AAFF-4435-8688-9D1FE0DD7897}
		{B3B5FF04-AAFF-4435-8688-9D1FE0DD7897} = {AECAD706-46E4-4840-83CD-10293B9B51AB}
		{896D9F7F-C5A0-4426-A0A8-48A730C5C652} = {B3B5FF04-AAFF-4435-8688-9D1FE0DD7897}
		{F1754C19-AC0F-4D1D-9507-5F1AA8AAB4FB} = {CECB3CA4-F3D8-4925-A373-2AEB4AEBAA7F}
		{2D806275-1D34-4DF1-A035-749732103D39} = {D1FF320E-638F-4F2F-8D73-250A7E7434A9}
		{CECB3CA4-F3D8-4925-A373-2AEB4AEBAA7F} = {2D806275-1D34-4DF1-A035-749732103D39}
		{73C85815-9574-4E48-BD2E-EEF8A2CAC79B} = {CECB3CA4-F3D8-4925-A373-2AEB4AEBAA7F}
		{1BA009BF-A08F-481A-ACB1-2A019A80B1AD} = {8724084E-2F49-4BA8-A15A-89D3CA4939FB}
		{EF90456D-3D8D-4BC2-B581-B7B5B5E84136} = {AECAD706-46E4-4840-83CD-10293B9B51AB}
		{4F824230-DF80-4B40-9A79-ED579FBF6324} = {EF90456D-3D8D-4BC2-B581-B7B5B5E84136}
		{9C148EA6-979C-43FD-A825-C1960D8853B7} = {EF90456D-3D8D-4BC2-B581-B7B5B5E84136}
		{BCF517C3-C2F7-4277-A842-5517815E427D} = {AECAD706-46E4-4840-83CD-10293B9B51AB}
		{C8263ADC-CBBC-4417-B89B-DB47192AAD92} = {BCF517C3-C2F7-4277-A842-5517815E427D}
		{3D015649-9EAF-4AB3-A599-333B641A632D} = {BCF517C3-C2F7-4277-A842-5517815E427D}
	EndGlobalSection
	GlobalSection(ExtensibilityGlobals) = postSolution
		SolutionGuid = {78E41F59-B73A-4103-8E02-C9468D638C33}
	EndGlobalSection
EndGlobal
